
Microsoft Visual Studio Solution File, Format Version 12.00
# Visual Studio 14
VisualStudioVersion = 14.0.25123.0
MinimumVisualStudioVersion = 10.0.40219.1
Project("{FAE04EC0-301F-11D3-BF4B-00C04F79EFBC}") = "TheFeedbackSystem.API", "TheFeedbackSystem.API\TheFeedbackSystem.API.csproj", "{A35D4C14-FC61-42CF-82D3-273463303973}"
EndProject
Project("{FAE04EC0-301F-11D3-BF4B-00C04F79EFBC}") = "TheFeedbackSystem.Web", "TheFeedbackSystem.Web\TheFeedbackSystem.Web.csproj", "{2016B5B9-5809-4B64-909A-E1746566BAC3}"
EndProject
Global
	GlobalSection(SolutionConfigurationPlatforms) = preSolution
		Debug|Any CPU = Debug|Any CPU
		Release|Any CPU = Release|Any CPU
	EndGlobalSection
	GlobalSection(ProjectConfigurationPlatforms) = postSolution
		{A35D4C14-FC61-42CF-82D3-273463303973}.Debug|Any CPU.ActiveCfg = Debug|Any CPU
		{A35D4C14-FC61-42CF-82D3-273463303973}.Debug|Any CPU.Build.0 = Debug|Any CPU
		{A35D4C14-FC61-42CF-82D3-273463303973}.Release|Any CPU.ActiveCfg = Release|Any CPU
		{A35D4C14-FC61-42CF-82D3-273463303973}.Release|Any CPU.Build.0 = Release|Any CPU
		{2016B5B9-5809-4B64-909A-E1746566BAC3}.Debug|Any CPU.ActiveCfg = Debug|Any CPU
		{2016B5B9-5809-4B64-909A-E1746566BAC3}.Debug|Any CPU.Build.0 = Debug|Any CPU
		{2016B5B9-5809-4B64-909A-E1746566BAC3}.Release|Any CPU.ActiveCfg = Release|Any CPU
		{2016B5B9-5809-4B64-909A-E1746566BAC3}.Release|Any CPU.Build.0 = Release|Any CPU
	EndGlobalSection
	GlobalSection(SolutionProperties) = preSolution
		HideSolutionNode = FALSE
	EndGlobalSection
EndGlobal
